
Microsoft Visual Studio Solution File, Format Version 12.00
# Visual Studio 15
VisualStudioVersion = 15.0.27428.2037
MinimumVisualStudioVersion = 10.0.40219.1
Project("{8BC9CEB8-8B4A-11D0-8D11-00A0C91BC942}") = "大数计算器", "大数计算器\大数计算器.vcxproj", "{7F0B1379-2AB6-4FE2-AB93-B20A20F0378D}"
EndProject
Global
	GlobalSection(SolutionConfigurationPlatforms) = preSolution
		Debug|x64 = Debug|x64
		Debug|x86 = Debug|x86
		Release|x64 = Release|x64
		Release|x86 = Release|x86
	EndGlobalSection
	GlobalSection(ProjectConfigurationPlatforms) = postSolution
		{7F0B1379-2AB6-4FE2-AB93-B20A20F0378D}.Debug|x64.ActiveCfg = Debug|x64
		{7F0B1379-2AB6-4FE2-AB93-B20A20F0378D}.Debug|x64.Build.0 = Debug|x64
		{7F0B1379-2AB6-4FE2-AB93-B20A20F0378D}.Debug|x86.ActiveCfg = Debug|Win32
		{7F0B1379-2AB6-4FE2-AB93-B20A20F0378D}.Debug|x86.Build.0 = Debug|Win32
		{7F0B1379-2AB6-4FE2-AB93-B20A20F0378D}.Release|x64.ActiveCfg = Release|x64
		{7F0B1379-2AB6-4FE2-AB93-B20A20F0378D}.Release|x64.Build.0 = Release|x64
		{7F0B1379-2AB6-4FE2-AB93-B20A20F0378D}.Release|x86.ActiveCfg = Release|Win32
		{7F0B1379-2AB6-4FE2-AB93-B20A20F0378D}.Release|x86.Build.0 = Release|Win32
	EndGlobalSection
	GlobalSection(SolutionProperties) = preSolution
		HideSolutionNode = FALSE
	EndGlobalSection
	GlobalSection(ExtensibilityGlobals) = postSolution
		SolutionGuid = {CFD119AD-CE18-4DBA-893D-28BD7FF0E161}
	EndGlobalSection
EndGlobal
